
Microsoft Visual Studio Solution File, Format Version 12.00
# Visual Studio Version 16
VisualStudioVersion = 16.0.31515.178
MinimumVisualStudioVersion = 10.0.40219.1
Project("{FAE04EC0-301F-11D3-BF4B-00C04F79EFBC}") = "Greedy", "Greedy\Greedy.csproj", "{0F3345ED-DF0D-4E54-A1C6-021214EDA4A2}"
EndProject
Global
	GlobalSection(SolutionConfigurationPlatforms) = preSolution
		Debug|Any CPU = Debug|Any CPU
		Release|Any CPU = Release|Any CPU
	EndGlobalSection
	GlobalSection(ProjectConfigurationPlatforms) = postSolution
		{0F3345ED-DF0D-4E54-A1C6-021214EDA4A2}.Debug|Any CPU.ActiveCfg = Debug|Any CPU
		{0F3345ED-DF0D-4E54-A1C6-021214EDA4A2}.Debug|Any CPU.Build.0 = Debug|Any CPU
		{0F3345ED-DF0D-4E54-A1C6-021214EDA4A2}.Release|Any CPU.ActiveCfg = Release|Any CPU
		{0F3345ED-DF0D-4E54-A1C6-021214EDA4A2}.Release|Any CPU.Build.0 = Release|Any CPU
	EndGlobalSection
	GlobalSection(SolutionProperties) = preSolution
		HideSolutionNode = FALSE
	EndGlobalSection
	GlobalSection(ExtensibilityGlobals) = postSolution
		SolutionGuid = {8CF64EF0-6F88-4EFD-9803-66CEAC5DE981}
	EndGlobalSection
EndGlobal
