
Microsoft Visual Studio Solution File, Format Version 12.00
# Visual Studio Version 16
VisualStudioVersion = 16.0.31424.327
MinimumVisualStudioVersion = 10.0.40219.1
Project("{FAE04EC0-301F-11D3-BF4B-00C04F79EFBC}") = "SelectionSort", "SelectionSort\SelectionSort.csproj", "{18639211-C6AD-4787-A572-E96B2B514718}"
EndProject
Project("{FAE04EC0-301F-11D3-BF4B-00C04F79EFBC}") = "MergeSort", "MergeSort\MergeSort.csproj", "{3B50BD7B-2D5D-4CE0-8D01-13507C501DB4}"
EndProject
Project("{FAE04EC0-301F-11D3-BF4B-00C04F79EFBC}") = "RealSort", "RealSort\RealSort.csproj", "{B41B780F-4CF9-4F9C-9989-65B2C90E6542}"
EndProject
Global
	GlobalSection(SolutionConfigurationPlatforms) = preSolution
		Debug|Any CPU = Debug|Any CPU
		Release|Any CPU = Release|Any CPU
	EndGlobalSection
	GlobalSection(ProjectConfigurationPlatforms) = postSolution
		{18639211-C6AD-4787-A572-E96B2B514718}.Debug|Any CPU.ActiveCfg = Debug|Any CPU
		{18639211-C6AD-4787-A572-E96B2B514718}.Debug|Any CPU.Build.0 = Debug|Any CPU
		{18639211-C6AD-4787-A572-E96B2B514718}.Release|Any CPU.ActiveCfg = Release|Any CPU
		{18639211-C6AD-4787-A572-E96B2B514718}.Release|Any CPU.Build.0 = Release|Any CPU
		{3B50BD7B-2D5D-4CE0-8D01-13507C501DB4}.Debug|Any CPU.ActiveCfg = Debug|Any CPU
		{3B50BD7B-2D5D-4CE0-8D01-13507C501DB4}.Debug|Any CPU.Build.0 = Debug|Any CPU
		{3B50BD7B-2D5D-4CE0-8D01-13507C501DB4}.Release|Any CPU.ActiveCfg = Release|Any CPU
		{3B50BD7B-2D5D-4CE0-8D01-13507C501DB4}.Release|Any CPU.Build.0 = Release|Any CPU
		{B41B780F-4CF9-4F9C-9989-65B2C90E6542}.Debug|Any CPU.ActiveCfg = Debug|Any CPU
		{B41B780F-4CF9-4F9C-9989-65B2C90E6542}.Debug|Any CPU.Build.0 = Debug|Any CPU
		{B41B780F-4CF9-4F9C-9989-65B2C90E6542}.Release|Any CPU.ActiveCfg = Release|Any CPU
		{B41B780F-4CF9-4F9C-9989-65B2C90E6542}.Release|Any CPU.Build.0 = Release|Any CPU
	EndGlobalSection
	GlobalSection(SolutionProperties) = preSolution
		HideSolutionNode = FALSE
	EndGlobalSection
	GlobalSection(ExtensibilityGlobals) = postSolution
		SolutionGuid = {F7B54C41-250E-4805-BA50-C976624D640A}
	EndGlobalSection
EndGlobal
