
Microsoft Visual Studio Solution File, Format Version 12.00
# Visual Studio Version 16
VisualStudioVersion = 16.0.31515.178
MinimumVisualStudioVersion = 10.0.40219.1
Project("{9A19103F-16F7-4668-BE54-9A1E7A4F7556}") = "Ex2", "Ex2\Ex2.csproj", "{DEC8C6E8-47BF-4DBF-9582-6AE6F6AC14EC}"
EndProject
Project("{9A19103F-16F7-4668-BE54-9A1E7A4F7556}") = "Ex3", "Ex3\Ex3.csproj", "{B1ABEAA9-247D-4B06-A6CF-5BF0EE03DB0D}"
EndProject
Project("{9A19103F-16F7-4668-BE54-9A1E7A4F7556}") = "Ex1", "Ex1\Ex1.csproj", "{2FEC233E-35AD-4243-8C15-6EC4F4540CBE}"
EndProject
Global
	GlobalSection(SolutionConfigurationPlatforms) = preSolution
		Debug|Any CPU = Debug|Any CPU
		Release|Any CPU = Release|Any CPU
	EndGlobalSection
	GlobalSection(ProjectConfigurationPlatforms) = postSolution
		{DEC8C6E8-47BF-4DBF-9582-6AE6F6AC14EC}.Debug|Any CPU.ActiveCfg = Debug|Any CPU
		{DEC8C6E8-47BF-4DBF-9582-6AE6F6AC14EC}.Debug|Any CPU.Build.0 = Debug|Any CPU
		{DEC8C6E8-47BF-4DBF-9582-6AE6F6AC14EC}.Release|Any CPU.ActiveCfg = Release|Any CPU
		{DEC8C6E8-47BF-4DBF-9582-6AE6F6AC14EC}.Release|Any CPU.Build.0 = Release|Any CPU
		{B1ABEAA9-247D-4B06-A6CF-5BF0EE03DB0D}.Debug|Any CPU.ActiveCfg = Debug|Any CPU
		{B1ABEAA9-247D-4B06-A6CF-5BF0EE03DB0D}.Debug|Any CPU.Build.0 = Debug|Any CPU
		{B1ABEAA9-247D-4B06-A6CF-5BF0EE03DB0D}.Release|Any CPU.ActiveCfg = Release|Any CPU
		{B1ABEAA9-247D-4B06-A6CF-5BF0EE03DB0D}.Release|Any CPU.Build.0 = Release|Any CPU
		{2FEC233E-35AD-4243-8C15-6EC4F4540CBE}.Debug|Any CPU.ActiveCfg = Debug|Any CPU
		{2FEC233E-35AD-4243-8C15-6EC4F4540CBE}.Debug|Any CPU.Build.0 = Debug|Any CPU
		{2FEC233E-35AD-4243-8C15-6EC4F4540CBE}.Release|Any CPU.ActiveCfg = Release|Any CPU
		{2FEC233E-35AD-4243-8C15-6EC4F4540CBE}.Release|Any CPU.Build.0 = Release|Any CPU
	EndGlobalSection
	GlobalSection(SolutionProperties) = preSolution
		HideSolutionNode = FALSE
	EndGlobalSection
	GlobalSection(ExtensibilityGlobals) = postSolution
		SolutionGuid = {023052B3-EF84-4CBB-9A2B-EB91EEAE9F1A}
	EndGlobalSection
EndGlobal
